
Microsoft Visual Studio Solution File, Format Version 11.00
# Visual Basic Express 2010
Project("{F184B08F-C81C-45F6-A57F-5ABD9991F28F}") = "prjCharges-Kolar", "prjCharges-Kolar\prjCharges-Kolar.vbproj", "{A90AB41B-4B6C-4B84-81F2-2D82121BD41B}"
EndProject
Global
	GlobalSection(SolutionConfigurationPlatforms) = preSolution
		Debug|x86 = Debug|x86
		Release|x86 = Release|x86
	EndGlobalSection
	GlobalSection(ProjectConfigurationPlatforms) = postSolution
		{A90AB41B-4B6C-4B84-81F2-2D82121BD41B}.Debug|x86.ActiveCfg = Debug|x86
		{A90AB41B-4B6C-4B84-81F2-2D82121BD41B}.Debug|x86.Build.0 = Debug|x86
		{A90AB41B-4B6C-4B84-81F2-2D82121BD41B}.Release|x86.ActiveCfg = Release|x86
		{A90AB41B-4B6C-4B84-81F2-2D82121BD41B}.Release|x86.Build.0 = Release|x86
	EndGlobalSection
	GlobalSection(SolutionProperties) = preSolution
		HideSolutionNode = FALSE
	EndGlobalSection
EndGlobal
