
Microsoft Visual Studio Solution File, Format Version 11.00
# Visual C# Express 2010
Project("{FAE04EC0-301F-11D3-BF4B-00C04F79EFBC}") = "IC05_Spring2013_Kolar", "IC05_Spring2013_Kolar\IC05_Spring2013_Kolar.csproj", "{30FCB625-6C9D-4CF7-83B7-6FFA87FFF567}"
EndProject
Global
	GlobalSection(SolutionConfigurationPlatforms) = preSolution
		Debug|x86 = Debug|x86
		Release|x86 = Release|x86
	EndGlobalSection
	GlobalSection(ProjectConfigurationPlatforms) = postSolution
		{30FCB625-6C9D-4CF7-83B7-6FFA87FFF567}.Debug|x86.ActiveCfg = Debug|x86
		{30FCB625-6C9D-4CF7-83B7-6FFA87FFF567}.Debug|x86.Build.0 = Debug|x86
		{30FCB625-6C9D-4CF7-83B7-6FFA87FFF567}.Release|x86.ActiveCfg = Release|x86
		{30FCB625-6C9D-4CF7-83B7-6FFA87FFF567}.Release|x86.Build.0 = Release|x86
	EndGlobalSection
	GlobalSection(SolutionProperties) = preSolution
		HideSolutionNode = FALSE
	EndGlobalSection
EndGlobal
