
Microsoft Visual Studio Solution File, Format Version 11.00
# Visual C# Express 2010
Project("{FAE04EC0-301F-11D3-BF4B-00C04F79EFBC}") = "cs05", "cs04\cs05.csproj", "{E9E92381-95D2-479B-AFE8-47EEFC3CC0EC}"
EndProject
Global
	GlobalSection(SolutionConfigurationPlatforms) = preSolution
		Debug|x86 = Debug|x86
		Release|x86 = Release|x86
	EndGlobalSection
	GlobalSection(ProjectConfigurationPlatforms) = postSolution
		{E9E92381-95D2-479B-AFE8-47EEFC3CC0EC}.Debug|x86.ActiveCfg = Debug|x86
		{E9E92381-95D2-479B-AFE8-47EEFC3CC0EC}.Debug|x86.Build.0 = Debug|x86
		{E9E92381-95D2-479B-AFE8-47EEFC3CC0EC}.Release|x86.ActiveCfg = Release|x86
		{E9E92381-95D2-479B-AFE8-47EEFC3CC0EC}.Release|x86.Build.0 = Release|x86
	EndGlobalSection
	GlobalSection(SolutionProperties) = preSolution
		HideSolutionNode = FALSE
	EndGlobalSection
EndGlobal
